<?xml version="1.0" encoding="utf-8"?>
<Project ToolsVersion="4.0" xmlns="http://schemas.microsoft.com/developer/msbuild/2003">
  <ItemGroup>
    <Filter Include="Source Files">
      <UniqueIdentifier>{4FC737F1-C7A5-4376-A066-2A32D752A2FF}</UniqueIdentifier>
      <Extensions>cpp;c;cc;cxx;c++;cppm;ixx;def;odl;idl;hpj;bat;asm;asmx</Extensions>
    </Filter>
    <Filter Include="Shaders">
      <UniqueIdentifier>{a6ce709c-69f1-4e03-a820-288b10068bc3}</UniqueIdentifier>
    </Filter>
    <Filter Include="Data">
      <UniqueIdentifier>{adb7763d-2a9c-401e-b583-56e4569775da}</UniqueIdentifier>
    </Filter>
    <Filter Include="Resources">
      <UniqueIdentifier>{67DA6AB6-F800-4c08-8B7A-83BB121AAD01}</UniqueIdentifier>
      <Extensions>rc;ico;cur;bmp;dlg;rc2;rct;bin;rgs;gif;jpg;jpeg;jpe;resx;tiff;tif;png;wav;mfcribbon-ms</Extensions>
    </Filter>
    <Filter Include="Engine">
      <UniqueIdentifier>{9372641d-0d77-4a71-80d8-bda1eedb801f}</UniqueIdentifier>
    </Filter>
    <Filter Include="Includes">
      <UniqueIdentifier>{e26cc796-b38b-4567-ba3c-914876b03ff2}</UniqueIdentifier>
    </Filter>
  </ItemGroup>
  <ItemGroup>
    <ClCompile Include="main.cpp">
      <Filter>Source Files</Filter>
    </ClCompile>
    <ClCompile Include="Application.cpp">
      <Filter>Source Files</Filter>
    </ClCompile>
    <ClCompile Include="pch.cpp">
      <Filter>Includes</Filter>
    </ClCompile>
    <ClCompile Include="Buffer.cpp">
      <Filter>Engine</Filter>
    </ClCompile>
    <ClCompile Include="Queue.cpp">
      <Filter>Engine</Filter>
    </ClCompile>
    <ClCompile Include="Vertex.cpp">
      <Filter>Data</Filter>
    </ClCompile>
    <ClCompile Include="Mesh.cpp">
      <Filter>Resources</Filter>
    </ClCompile>
    <ClCompile Include="GraphicsPipeline.cpp">
      <Filter>Engine</Filter>
    </ClCompile>
    <ClCompile Include="RenderPass.cpp">
      <Filter>Engine</Filter>
    </ClCompile>
    <ClCompile Include="Image.cpp">
      <Filter>Engine</Filter>
    </ClCompile>
    <ClCompile Include="Sampler.cpp">
      <Filter>Engine</Filter>
    </ClCompile>
  </ItemGroup>
  <ItemGroup>
    <ClInclude Include="Application.h">
      <Filter>Source Files</Filter>
    </ClInclude>
    <ClInclude Include="Vertex.h">
      <Filter>Data</Filter>
    </ClInclude>
    <ClInclude Include="Mesh.h">
      <Filter>Resources</Filter>
    </ClInclude>
    <ClInclude Include="Buffer.h">
      <Filter>Engine</Filter>
    </ClInclude>
    <ClInclude Include="pch.h">
      <Filter>Includes</Filter>
    </ClInclude>
    <ClInclude Include="Queue.h">
      <Filter>Engine</Filter>
    </ClInclude>
    <ClInclude Include="Constants.h">
      <Filter>Includes</Filter>
    </ClInclude>
    <ClInclude Include="GraphicsPipeline.h">
      <Filter>Engine</Filter>
    </ClInclude>
    <ClInclude Include="RenderPass.h">
      <Filter>Engine</Filter>
    </ClInclude>
    <ClInclude Include="Image.h">
      <Filter>Engine</Filter>
    </ClInclude>
    <ClInclude Include="Sampler.h">
      <Filter>Engine</Filter>
    </ClInclude>
  </ItemGroup>
  <ItemGroup>
    <None Include="..\shaders\shader.frag">
      <Filter>Shaders</Filter>
    </None>
    <None Include="..\shaders\shader.vert">
      <Filter>Shaders</Filter>
    </None>
  </ItemGroup>
</Project>